// !$*UTF8*$!
{
	archiveVersion = 1;
	classes = {
	};
	objectVersion = 46;
	objects = {

/* Begin PBXBuildFile section */
		DECF86DC1D4C2B2D00345BFA /* AppDelegate.swift in Sources */ = {isa = PBXBuildFile; fileRef = DECF86DB1D4C2B2D00345BFA /* AppDelegate.swift */; };
		DECF86DE1D4C2B2D00345BFA /* ViewController.swift in Sources */ = {isa = PBXBuildFile; fileRef = DECF86DD1D4C2B2D00345BFA /* ViewController.swift */; };
		DECF86E11D4C2B2D00345BFA /* Main.storyboard in Resources */ = {isa = PBXBuildFile; fileRef = DECF86DF1D4C2B2D00345BFA /* Main.storyboard */; };
		DECF86E31D4C2B2D00345BFA /* Assets.xcassets in Resources */ = {isa = PBXBuildFile; fileRef = DECF86E21D4C2B2D00345BFA /* Assets.xcassets */; };
		DECF86E61D4C2B2D00345BFA /* LaunchScreen.storyboard in Resources */ = {isa = PBXBuildFile; fileRef = DECF86E41D4C2B2D00345BFA /* LaunchScreen.storyboard */; };
/* End PBXBuildFile section */

/* Begin PBXFileReference section */
		DECF86D81D4C2B2D00345BFA /* StackViewApp.app */ = {isa = PBXFileReference; explicitFileType = wrapper.application; includeInIndex = 0; path = StackViewApp.app; sourceTree = BUILT_PRODUCTS_DIR; };
		DECF86DB1D4C2B2D00345BFA /* AppDelegate.swift */ = {isa = PBXFileReference; lastKnownFileType = sourcecode.swift; path = AppDelegate.swift; sourceTree = "<group>"; };
		DECF86DD1D4C2B2D00345BFA /* ViewController.swift */ = {isa = PBXFileReference; lastKnownFileType = sourcecode.swift; path = ViewController.swift; sourceTree = "<group>"; };
		DECF86E01D4C2B2D00345BFA /* Base */ = {isa = PBXFileReference; lastKnownFileType = file.storyboard; name = Base; path = Base.lproj/Main.storyboard; sourceTree = "<group>"; };
		DECF86E21D4C2B2D00345BFA /* Assets.xcassets */ = {isa = PBXFileReference; lastKnownFileType = folder.assetcatalog; path = Assets.xcassets; sourceTree = "<group>"; };
		DECF86E51D4C2B2D00345BFA /* Base */ = {isa = PBXFileReference; lastKnownFileType = file.storyboard; name = Base; path = Base.lproj/LaunchScreen.storyboard; sourceTree = "<group>"; };
		DECF86E71D4C2B2D00345BFA /* Info.plist */ = {isa = PBXFileReference; lastKnownFileType = text.plist.xml; path = Info.plist; sourceTree = "<group>"; };
/* End PBXFileReference section */

/* Begin PBXFrameworksBuildPhase section */
		DECF86D51D4C2B2D00345BFA /* Frameworks */ = {
			isa = PBXFrameworksBuildPhase;
			buildActionMask = 2147483647;
			files = (
			);
			runOnlyForDeploymentPostprocessing = 0;
		};
/* End PBXFrameworksBuildPhase section */

/* Begin PBXGroup section */
		DECF86CF1D4C2B2D00345BFA = {
			isa = PBXGroup;
			children = (
				DECF86DA1D4C2B2D00345BFA /* StackViewApp */,
				DECF86D91D4C2B2D00345BFA /* Products */,
			);
			sourceTree = "<group>";
		};
		DECF86D91D4C2B2D00345BFA /* Products */ = {
			isa = PBXGroup;
			children = (
				DECF86D81D4C2B2D00345BFA /* StackViewApp.app */,
			);
			name = Products;
			sourceTree = "<group>";
		};
		DECF86DA1D4C2B2D00345BFA /* StackViewApp */ = {
			isa = PBXGroup;
			children = (
				DECF86DB1D4C2B2D00345BFA /* AppDelegate.swift */,
				DECF86DD1D4C2B2D00345BFA /* ViewController.swift */,
				DECF86DF1D4C2B2D00345BFA /* Main.storyboard */,
				DECF86E21D4C2B2D00345BFA /* Assets.xcassets */,
				DECF86E41D4C2B2D00345BFA /* LaunchScreen.storyboard */,
				DECF86E71D4C2B2D00345BFA /* Info.plist */,
			);
			path = StackViewApp;
			sourceTree = "<group>";
		};
/* End PBXGroup section */

/* Begin PBXNativeTarget section */
		DECF86D71D4C2B2D00345BFA /* StackViewApp */ = {
			isa = PBXNativeTarget;
			buildConfigurationList = DECF86EA1D4C2B2D00345BFA /* Build configuration list for PBXNativeTarget "StackViewApp" */;
			buildPhases = (
				DECF86D41D4C2B2D00345BFA /* Sources */,
				DECF86D51D4C2B2D00345BFA /* Frameworks */,
				DECF86D61D4C2B2D00345BFA /* Resources */,
			);
			buildRules = (
			);
			dependencies = (
			);
			name = StackViewApp;
			productName = StackViewApp;
			productReference = DECF86D81D4C2B2D00345BFA /* StackViewApp.app */;
			productType = "com.apple.product-type.application";
		};
/* End PBXNativeTarget section */

/* Begin PBXProject section */
		DECF86D01D4C2B2D00345BFA /* Project object */ = {
			isa = PBXProject;
			attributes = {
				LastSwiftUpdateCheck = 0730;
				LastUpgradeCheck = 0730;
				ORGANIZATIONNAME = Psychesnet;
				TargetAttributes = {
					DECF86D71D4C2B2D00345BFA = {
						CreatedOnToolsVersion = 7.3.1;
					};
				};
			};
			buildConfigurationList = DECF86D31D4C2B2D00345BFA /* Build configuration list for PBXProject "StackViewApp" */;
			compatibilityVersion = "Xcode 3.2";
			developmentRegion = English;
			hasScannedForEncodings = 0;
			knownRegions = (
				en,
				Base,
			);
			mainGroup = DECF86CF1D4C2B2D00345BFA;
			productRefGroup = DECF86D91D4C2B2D00345BFA /* Products */;
			projectDirPath = "";
			projectRoot = "";
			targets = (
				DECF86D71D4C2B2D00345BFA /* StackViewApp */,
			);
		};
/* End PBXProject section */

/* Begin PBXResourcesBuildPhase section */
		DECF86D61D4C2B2D00345BFA /* Resources */ = {
			isa = PBXResourcesBuildPhase;
			buildActionMask = 2147483647;
			files = (
				DECF86E61D4C2B2D00345BFA /* LaunchScreen.storyboard in Resources */,
				DECF86E31D4C2B2D00345BFA /* Assets.xcassets in Resources */,
				DECF86E11D4C2B2D00345BFA /* Main.storyboard in Resources */,
			);
			runOnlyForDeploymentPostprocessing = 0;
		};
/* End PBXResourcesBuildPhase section */

/* Begin PBXSourcesBuildPhase section */
		DECF86D41D4C2B2D00345BFA /* Sources */ = {
			isa = PBXSourcesBuildPhase;
			buildActionMask = 2147483647;
			files = (
				DECF86DE1D4C2B2D00345BFA /* ViewController.swift in Sources */,
				DECF86DC1D4C2B2D00345BFA /* AppDelegate.swift in Sources */,
			);
			runOnlyForDeploymentPostprocessing = 0;
		};
/* End PBXSourcesBuildPhase section */

/* Begin PBXVariantGroup section */
		DECF86DF1D4C2B2D00345BFA /* Main.storyboard */ = {
			isa = PBXVariantGroup;
			children = (
				DECF86E01D4C2B2D00345BFA /* Base */,
			);
			name = Main.storyboard;
			sourceTree = "<group>";
		};
		DECF86E41D4C2B2D00345BFA /* LaunchScreen.storyboard */ = {
			isa = PBXVariantGroup;
			children = (
				DECF86E51D4C2B2D00345BFA /* Base */,
			);
			name = LaunchScreen.storyboard;
			sourceTree = "<group>";
		};
/* End PBXVariantGroup section */

/* Begin XCBuildConfiguration section */
		DECF86E81D4C2B2D00345BFA /* Debug */ = {
			isa = XCBuildConfiguration;
			buildSettings = {
				ALWAYS_SEARCH_USER_PATHS = NO;
				CLANG_ANALYZER_NONNULL = YES;
				CLANG_CXX_LANGUAGE_STANDARD = "gnu++0x";
				CLANG_CXX_LIBRARY = "libc++";
				CLANG_ENABLE_MODULES = YES;
				CLANG_ENABLE_OBJC_ARC = YES;
				CLANG_WARN_BOOL_CONVERSION = YES;
				CLANG_WARN_CONSTANT_CONVERSION = YES;
				CLANG_WARN_DIRECT_OBJC_ISA_USAGE = YES_ERROR;
				CLANG_WARN_EMPTY_BODY = YES;
				CLANG_WARN_ENUM_CONVERSION = YES;
				CLANG_WARN_INT_CONVERSION = YES;
				CLANG_WARN_OBJC_ROOT_CLASS = YES_ERROR;
				CLANG_WARN_UNREACHABLE_CODE = YES;
				CLANG_WARN__DUPLICATE_METHOD_MATCH = YES;
				"CODE_SIGN_IDENTITY[sdk=iphoneos*]" = "iPhone Developer";
				COPY_PHASE_STRIP = NO;
				DEBUG_INFORMATION_FORMAT = dwarf;
				ENABLE_STRICT_OBJC_MSGSEND = YES;
				ENABLE_TESTABILITY = YES;
				GCC_C_LANGUAGE_STANDARD = gnu99;
				GCC_DYNAMIC_NO_PIC = NO;
				GCC_NO_COMMON_BLOCKS = YES;
				GCC_OPTIMIZATION_LEVEL = 0;
				GCC_PREPROCESSOR_DEFINITIONS = (
					"DEBUG=1",
					"$(inherited)",
				);
				GCC_WARN_64_TO_32_BIT_CONVERSION = YES;
				GCC_WARN_ABOUT_RETURN_TYPE = YES_ERROR;
				GCC_WARN_UNDECLARED_SELECTOR = YES;
				GCC_WARN_UNINITIALIZED_AUTOS = YES_AGGRESSIVE;
				GCC_WARN_UNUSED_FUNCTION = YES;
				GCC_WARN_UNUSED_VARIABLE = YES;
				IPHONEOS_DEPLOYMENT_TARGET = 9.3;
				MTL_ENABLE_DEBUG_INFO = YES;
				ONLY_ACTIVE_ARCH = YES;
				SDKROOT = iphoneos;
				SWIFT_OPTIMIZATION_LEVEL = "-Onone";
			};
			name = Debug;
		};
		DECF86E91D4C2B2D00345BFA /* Release */ = {
			isa = XCBuildConfiguration;
			buildSettings = {
				ALWAYS_SEARCH_USER_PATHS = NO;
				CLANG_ANALYZER_NONNULL = YES;
				CLANG_CXX_LANGUAGE_STANDARD = "gnu++0x";
				CLANG_CXX_LIBRARY = "libc++";
				CLANG_ENABLE_MODULES = YES;
				CLANG_ENABLE_OBJC_ARC = YES;
				CLANG_WARN_BOOL_CONVERSION = YES;
				CLANG_WARN_CONSTANT_CONVERSION = YES;
				CLANG_WARN_DIRECT_OBJC_ISA_USAGE = YES_ERROR;
				CLANG_WARN_EMPTY_BODY = YES;
				CLANG_WARN_ENUM_CONVERSION = YES;
				CLANG_WARN_INT_CONVERSION = YES;
				CLANG_WARN_OBJC_ROOT_CLASS = YES_ERROR;
				CLANG_WARN_UNREACHABLE_CODE = YES;
				CLANG_WARN__DUPLICATE_METHOD_MATCH = YES;
				"CODE_SIGN_IDENTITY[sdk=iphoneos*]" = "iPhone Developer";
				COPY_PHASE_STRIP = NO;
				DEBUG_INFORMATION_FORMAT = "dwarf-with-dsym";
				ENABLE_NS_ASSERTIONS = NO;
				ENABLE_STRICT_OBJC_MSGSEND = YES;
				GCC_C_LANGUAGE_STANDARD = gnu99;
				GCC_NO_COMMON_BLOCKS = YES;
				GCC_WARN_64_TO_32_BIT_CONVERSION = YES;
				GCC_WARN_ABOUT_RETURN_TYPE = YES_ERROR;
				GCC_WARN_UNDECLARED_SELECTOR = YES;
				GCC_WARN_UNINITIALIZED_AUTOS = YES_AGGRESSIVE;
				GCC_WARN_UNUSED_FUNCTION = YES;
				GCC_WARN_UNUSED_VARIABLE = YES;
				IPHONEOS_DEPLOYMENT_TARGET = 9.3;
				MTL_ENABLE_DEBUG_INFO = NO;
				SDKROOT = iphoneos;
				VALIDATE_PRODUCT = YES;
			};
			name = Release;
		};
		DECF86EB1D4C2B2D00345BFA /* Debug */ = {
			isa = XCBuildConfiguration;
			buildSettings = {
				ASSETCATALOG_COMPILER_APPICON_NAME = AppIcon;
				INFOPLIST_FILE = StackViewApp/Info.plist;
				LD_RUNPATH_SEARCH_PATHS = "$(inherited) @executable_path/Frameworks";
				PRODUCT_BUNDLE_IDENTIFIER = local.net.StackViewApp;
				PRODUCT_NAME = "$(TARGET_NAME)";
			};
			name = Debug;
		};
		DECF86EC1D4C2B2D00345BFA /* Release */ = {
			isa = XCBuildConfiguration;
			buildSettings = {
				ASSETCATALOG_COMPILER_APPICON_NAME = AppIcon;
				INFOPLIST_FILE = StackViewApp/Info.plist;
				LD_RUNPATH_SEARCH_PATHS = "$(inherited) @executable_path/Frameworks";
				PRODUCT_BUNDLE_IDENTIFIER = local.net.StackViewApp;
				PRODUCT_NAME = "$(TARGET_NAME)";
			};
			name = Release;
		};
/* End XCBuildConfiguration section */

/* Begin XCConfigurationList section */
		DECF86D31D4C2B2D00345BFA /* Build configuration list for PBXProject "StackViewApp" */ = {
			isa = XCConfigurationList;
			buildConfigurations = (
				DECF86E81D4C2B2D00345BFA /* Debug */,
				DECF86E91D4C2B2D00345BFA /* Release */,
			);
			defaultConfigurationIsVisible = 0;
			defaultConfigurationName = Release;
		};
		DECF86EA1D4C2B2D00345BFA /* Build configuration list for PBXNativeTarget "StackViewApp" */ = {
			isa = XCConfigurationList;
			buildConfigurations = (
				DECF86EB1D4C2B2D00345BFA /* Debug */,
				DECF86EC1D4C2B2D00345BFA /* Release */,
			);
			defaultConfigurationIsVisible = 0;
		};
/* End XCConfigurationList section */
	};
	rootObject = DECF86D01D4C2B2D00345BFA /* Project object */;
}
